// !$*UTF8*$!
{
	archiveVersion = 1;
	classes = {
	};
	objectVersion = 56;
	objects = {

/* Begin PBXBuildFile section */
		4AE77002290D5DC90091D433 /* OneDigitApp.swift in Sources */ = {isa = PBXBuildFile; fileRef = 4AE77001290D5DC90091D433 /* OneDigitApp.swift */; };
		4AE77004290D5DC90091D433 /* ContentView.swift in Sources */ = {isa = PBXBuildFile; fileRef = 4AE77003290D5DC90091D433 /* ContentView.swift */; };
		4AE77006290D5DC90091D433 /* Assets.xcassets in Resources */ = {isa = PBXBuildFile; fileRef = 4AE77005290D5DC90091D433 /* Assets.xcassets */; };
		4AE77009290D5DC90091D433 /* Preview Assets.xcassets in Resources */ = {isa = PBXBuildFile; fileRef = 4AE77008290D5DC90091D433 /* Preview Assets.xcassets */; };
		4AE77013290D5DCA0091D433 /* OneDigitTests.swift in Sources */ = {isa = PBXBuildFile; fileRef = 4AE77012290D5DCA0091D433 /* OneDigitTests.swift */; };
		4AE7701D290D5DCA0091D433 /* OneDigitUITests.swift in Sources */ = {isa = PBXBuildFile; fileRef = 4AE7701C290D5DCA0091D433 /* OneDigitUITests.swift */; };
		4AE7701F290D5DCA0091D433 /* OneDigitUITestsLaunchTests.swift in Sources */ = {isa = PBXBuildFile; fileRef = 4AE7701E290D5DCA0091D433 /* OneDigitUITestsLaunchTests.swift */; };
/* End PBXBuildFile section */

/* Begin PBXContainerItemProxy section */
		4AE7700F290D5DCA0091D433 /* PBXContainerItemProxy */ = {
			isa = PBXContainerItemProxy;
			containerPortal = 4AE76FF6290D5DC90091D433 /* Project object */;
			proxyType = 1;
			remoteGlobalIDString = 4AE76FFD290D5DC90091D433;
			remoteInfo = OneDigit;
		};
		4AE77019290D5DCA0091D433 /* PBXContainerItemProxy */ = {
			isa = PBXContainerItemProxy;
			containerPortal = 4AE76FF6290D5DC90091D433 /* Project object */;
			proxyType = 1;
			remoteGlobalIDString = 4AE76FFD290D5DC90091D433;
			remoteInfo = OneDigit;
		};
/* End PBXContainerItemProxy section */

/* Begin PBXFileReference section */
		4AE76FFE290D5DC90091D433 /* OneDigit.app */ = {isa = PBXFileReference; explicitFileType = wrapper.application; includeInIndex = 0; path = OneDigit.app; sourceTree = BUILT_PRODUCTS_DIR; };
		4AE77001290D5DC90091D433 /* OneDigitApp.swift */ = {isa = PBXFileReference; lastKnownFileType = sourcecode.swift; path = OneDigitApp.swift; sourceTree = "<group>"; };
		4AE77003290D5DC90091D433 /* ContentView.swift */ = {isa = PBXFileReference; lastKnownFileType = sourcecode.swift; path = ContentView.swift; sourceTree = "<group>"; };
		4AE77005290D5DC90091D433 /* Assets.xcassets */ = {isa = PBXFileReference; lastKnownFileType = folder.assetcatalog; path = Assets.xcassets; sourceTree = "<group>"; };
		4AE77008290D5DC90091D433 /* Preview Assets.xcassets */ = {isa = PBXFileReference; lastKnownFileType = folder.assetcatalog; path = "Preview Assets.xcassets"; sourceTree = "<group>"; };
		4AE7700E290D5DCA0091D433 /* OneDigitTests.xctest */ = {isa = PBXFileReference; explicitFileType = wrapper.cfbundle; includeInIndex = 0; path = OneDigitTests.xctest; sourceTree = BUILT_PRODUCTS_DIR; };
		4AE77012290D5DCA0091D433 /* OneDigitTests.swift */ = {isa = PBXFileReference; lastKnownFileType = sourcecode.swift; path = OneDigitTests.swift; sourceTree = "<group>"; };
		4AE77018290D5DCA0091D433 /* OneDigitUITests.xctest */ = {isa = PBXFileReference; explicitFileType = wrapper.cfbundle; includeInIndex = 0; path = OneDigitUITests.xctest; sourceTree = BUILT_PRODUCTS_DIR; };
		4AE7701C290D5DCA0091D433 /* OneDigitUITests.swift */ = {isa = PBXFileReference; lastKnownFileType = sourcecode.swift; path = OneDigitUITests.swift; sourceTree = "<group>"; };
		4AE7701E290D5DCA0091D433 /* OneDigitUITestsLaunchTests.swift */ = {isa = PBXFileReference; lastKnownFileType = sourcecode.swift; path = OneDigitUITestsLaunchTests.swift; sourceTree = "<group>"; };
/* End PBXFileReference section */

/* Begin PBXFrameworksBuildPhase section */
		4AE76FFB290D5DC90091D433 /* Frameworks */ = {
			isa = PBXFrameworksBuildPhase;
			buildActionMask = 2147483647;
			files = (
			);
			runOnlyForDeploymentPostprocessing = 0;
		};
		4AE7700B290D5DCA0091D433 /* Frameworks */ = {
			isa = PBXFrameworksBuildPhase;
			buildActionMask = 2147483647;
			files = (
			);
			runOnlyForDeploymentPostprocessing = 0;
		};
		4AE77015290D5DCA0091D433 /* Frameworks */ = {
			isa = PBXFrameworksBuildPhase;
			buildActionMask = 2147483647;
			files = (
			);
			runOnlyForDeploymentPostprocessing = 0;
		};
/* End PBXFrameworksBuildPhase section */

/* Begin PBXGroup section */
		4AE76FF5290D5DC90091D433 = {
			isa = PBXGroup;
			children = (
				4AE77000290D5DC90091D433 /* OneDigit */,
				4AE77011290D5DCA0091D433 /* OneDigitTests */,
				4AE7701B290D5DCA0091D433 /* OneDigitUITests */,
				4AE76FFF290D5DC90091D433 /* Products */,
			);
			sourceTree = "<group>";
		};
		4AE76FFF290D5DC90091D433 /* Products */ = {
			isa = PBXGroup;
			children = (
				4AE76FFE290D5DC90091D433 /* OneDigit.app */,
				4AE7700E290D5DCA0091D433 /* OneDigitTests.xctest */,
				4AE77018290D5DCA0091D433 /* OneDigitUITests.xctest */,
			);
			name = Products;
			sourceTree = "<group>";
		};
		4AE77000290D5DC90091D433 /* OneDigit */ = {
			isa = PBXGroup;
			children = (
				4AE77001290D5DC90091D433 /* OneDigitApp.swift */,
				4AE77003290D5DC90091D433 /* ContentView.swift */,
				4AE77005290D5DC90091D433 /* Assets.xcassets */,
				4AE77007290D5DC90091D433 /* Preview Content */,
			);
			path = OneDigit;
			sourceTree = "<group>";
		};
		4AE77007290D5DC90091D433 /* Preview Content */ = {
			isa = PBXGroup;
			children = (
				4AE77008290D5DC90091D433 /* Preview Assets.xcassets */,
			);
			path = "Preview Content";
			sourceTree = "<group>";
		};
		4AE77011290D5DCA0091D433 /* OneDigitTests */ = {
			isa = PBXGroup;
			children = (
				4AE77012290D5DCA0091D433 /* OneDigitTests.swift */,
			);
			path = OneDigitTests;
			sourceTree = "<group>";
		};
		4AE7701B290D5DCA0091D433 /* OneDigitUITests */ = {
			isa = PBXGroup;
			children = (
				4AE7701C290D5DCA0091D433 /* OneDigitUITests.swift */,
				4AE7701E290D5DCA0091D433 /* OneDigitUITestsLaunchTests.swift */,
			);
			path = OneDigitUITests;
			sourceTree = "<group>";
		};
/* End PBXGroup section */

/* Begin PBXNativeTarget section */
		4AE76FFD290D5DC90091D433 /* OneDigit */ = {
			isa = PBXNativeTarget;
			buildConfigurationList = 4AE77022290D5DCA0091D433 /* Build configuration list for PBXNativeTarget "OneDigit" */;
			buildPhases = (
				4AE76FFA290D5DC90091D433 /* Sources */,
				4AE76FFB290D5DC90091D433 /* Frameworks */,
				4AE76FFC290D5DC90091D433 /* Resources */,
			);
			buildRules = (
			);
			dependencies = (
			);
			name = OneDigit;
			productName = OneDigit;
			productReference = 4AE76FFE290D5DC90091D433 /* OneDigit.app */;
			productType = "com.apple.product-type.application";
		};
		4AE7700D290D5DCA0091D433 /* OneDigitTests */ = {
			isa = PBXNativeTarget;
			buildConfigurationList = 4AE77025290D5DCA0091D433 /* Build configuration list for PBXNativeTarget "OneDigitTests" */;
			buildPhases = (
				4AE7700A290D5DCA0091D433 /* Sources */,
				4AE7700B290D5DCA0091D433 /* Frameworks */,
				4AE7700C290D5DCA0091D433 /* Resources */,
			);
			buildRules = (
			);
			dependencies = (
				4AE77010290D5DCA0091D433 /* PBXTargetDependency */,
			);
			name = OneDigitTests;
			productName = OneDigitTests;
			productReference = 4AE7700E290D5DCA0091D433 /* OneDigitTests.xctest */;
			productType = "com.apple.product-type.bundle.unit-test";
		};
		4AE77017290D5DCA0091D433 /* OneDigitUITests */ = {
			isa = PBXNativeTarget;
			buildConfigurationList = 4AE77028290D5DCA0091D433 /* Build configuration list for PBXNativeTarget "OneDigitUITests" */;
			buildPhases = (
				4AE77014290D5DCA0091D433 /* Sources */,
				4AE77015290D5DCA0091D433 /* Frameworks */,
				4AE77016290D5DCA0091D433 /* Resources */,
			);
			buildRules = (
			);
			dependencies = (
				4AE7701A290D5DCA0091D433 /* PBXTargetDependency */,
			);
			name = OneDigitUITests;
			productName = OneDigitUITests;
			productReference = 4AE77018290D5DCA0091D433 /* OneDigitUITests.xctest */;
			productType = "com.apple.product-type.bundle.ui-testing";
		};
/* End PBXNativeTarget section */

/* Begin PBXProject section */
		4AE76FF6290D5DC90091D433 /* Project object */ = {
			isa = PBXProject;
			attributes = {
				BuildIndependentTargetsInParallel = 1;
				LastSwiftUpdateCheck = 1400;
				LastUpgradeCheck = 1400;
				TargetAttributes = {
					4AE76FFD290D5DC90091D433 = {
						CreatedOnToolsVersion = 14.0;
					};
					4AE7700D290D5DCA0091D433 = {
						CreatedOnToolsVersion = 14.0;
						TestTargetID = 4AE76FFD290D5DC90091D433;
					};
					4AE77017290D5DCA0091D433 = {
						CreatedOnToolsVersion = 14.0;
						TestTargetID = 4AE76FFD290D5DC90091D433;
					};
				};
			};
			buildConfigurationList = 4AE76FF9290D5DC90091D433 /* Build configuration list for PBXProject "OneDigit" */;
			compatibilityVersion = "Xcode 14.0";
			developmentRegion = en;
			hasScannedForEncodings = 0;
			knownRegions = (
				en,
				Base,
			);
			mainGroup = 4AE76FF5290D5DC90091D433;
			productRefGroup = 4AE76FFF290D5DC90091D433 /* Products */;
			projectDirPath = "";
			projectRoot = "";
			targets = (
				4AE76FFD290D5DC90091D433 /* OneDigit */,
				4AE7700D290D5DCA0091D433 /* OneDigitTests */,
				4AE77017290D5DCA0091D433 /* OneDigitUITests */,
			);
		};
/* End PBXProject section */

/* Begin PBXResourcesBuildPhase section */
		4AE76FFC290D5DC90091D433 /* Resources */ = {
			isa = PBXResourcesBuildPhase;
			buildActionMask = 2147483647;
			files = (
				4AE77009290D5DC90091D433 /* Preview Assets.xcassets in Resources */,
				4AE77006290D5DC90091D433 /* Assets.xcassets in Resources */,
			);
			runOnlyForDeploymentPostprocessing = 0;
		};
		4AE7700C290D5DCA0091D433 /* Resources */ = {
			isa = PBXResourcesBuildPhase;
			buildActionMask = 2147483647;
			files = (
			);
			runOnlyForDeploymentPostprocessing = 0;
		};
		4AE77016290D5DCA0091D433 /* Resources */ = {
			isa = PBXResourcesBuildPhase;
			buildActionMask = 2147483647;
			files = (
			);
			runOnlyForDeploymentPostprocessing = 0;
		};
/* End PBXResourcesBuildPhase section */

/* Begin PBXSourcesBuildPhase section */
		4AE76FFA290D5DC90091D433 /* Sources */ = {
			isa = PBXSourcesBuildPhase;
			buildActionMask = 2147483647;
			files = (
				4AE77004290D5DC90091D433 /* ContentView.swift in Sources */,
				4AE77002290D5DC90091D433 /* OneDigitApp.swift in Sources */,
			);
			runOnlyForDeploymentPostprocessing = 0;
		};
		4AE7700A290D5DCA0091D433 /* Sources */ = {
			isa = PBXSourcesBuildPhase;
			buildActionMask = 2147483647;
			files = (
				4AE77013290D5DCA0091D433 /* OneDigitTests.swift in Sources */,
			);
			runOnlyForDeploymentPostprocessing = 0;
		};
		4AE77014290D5DCA0091D433 /* Sources */ = {
			isa = PBXSourcesBuildPhase;
			buildActionMask = 2147483647;
			files = (
				4AE7701F290D5DCA0091D433 /* OneDigitUITestsLaunchTests.swift in Sources */,
				4AE7701D290D5DCA0091D433 /* OneDigitUITests.swift in Sources */,
			);
			runOnlyForDeploymentPostprocessing = 0;
		};
/* End PBXSourcesBuildPhase section */

/* Begin PBXTargetDependency section */
		4AE77010290D5DCA0091D433 /* PBXTargetDependency */ = {
			isa = PBXTargetDependency;
			target = 4AE76FFD290D5DC90091D433 /* OneDigit */;
			targetProxy = 4AE7700F290D5DCA0091D433 /* PBXContainerItemProxy */;
		};
		4AE7701A290D5DCA0091D433 /* PBXTargetDependency */ = {
			isa = PBXTargetDependency;
			target = 4AE76FFD290D5DC90091D433 /* OneDigit */;
			targetProxy = 4AE77019290D5DCA0091D433 /* PBXContainerItemProxy */;
		};
/* End PBXTargetDependency section */

/* Begin XCBuildConfiguration section */
		4AE77020290D5DCA0091D433 /* Debug */ = {
			isa = XCBuildConfiguration;
			buildSettings = {
				ALWAYS_SEARCH_USER_PATHS = NO;
				CLANG_ANALYZER_NONNULL = YES;
				CLANG_ANALYZER_NUMBER_OBJECT_CONVERSION = YES_AGGRESSIVE;
				CLANG_CXX_LANGUAGE_STANDARD = "gnu++20";
				CLANG_ENABLE_MODULES = YES;
				CLANG_ENABLE_OBJC_ARC = YES;
				CLANG_ENABLE_OBJC_WEAK = YES;
				CLANG_WARN_BLOCK_CAPTURE_AUTORELEASING = YES;
				CLANG_WARN_BOOL_CONVERSION = YES;
				CLANG_WARN_COMMA = YES;
				CLANG_WARN_CONSTANT_CONVERSION = YES;
				CLANG_WARN_DEPRECATED_OBJC_IMPLEMENTATIONS = YES;
				CLANG_WARN_DIRECT_OBJC_ISA_USAGE = YES_ERROR;
				CLANG_WARN_DOCUMENTATION_COMMENTS = YES;
				CLANG_WARN_EMPTY_BODY = YES;
				CLANG_WARN_ENUM_CONVERSION = YES;
				CLANG_WARN_INFINITE_RECURSION = YES;
				CLANG_WARN_INT_CONVERSION = YES;
				CLANG_WARN_NON_LITERAL_NULL_CONVERSION = YES;
				CLANG_WARN_OBJC_IMPLICIT_RETAIN_SELF = YES;
				CLANG_WARN_OBJC_LITERAL_CONVERSION = YES;
				CLANG_WARN_OBJC_ROOT_CLASS = YES_ERROR;
				CLANG_WARN_QUOTED_INCLUDE_IN_FRAMEWORK_HEADER = YES;
				CLANG_WARN_RANGE_LOOP_ANALYSIS = YES;
				CLANG_WARN_STRICT_PROTOTYPES = YES;
				CLANG_WARN_SUSPICIOUS_MOVE = YES;
				CLANG_WARN_UNGUARDED_AVAILABILITY = YES_AGGRESSIVE;
				CLANG_WARN_UNREACHABLE_CODE = YES;
				CLANG_WARN__DUPLICATE_METHOD_MATCH = YES;
				COPY_PHASE_STRIP = NO;
				DEBUG_INFORMATION_FORMAT = dwarf;
				ENABLE_STRICT_OBJC_MSGSEND = YES;
				ENABLE_TESTABILITY = YES;
				GCC_C_LANGUAGE_STANDARD = gnu11;
				GCC_DYNAMIC_NO_PIC = NO;
				GCC_NO_COMMON_BLOCKS = YES;
				GCC_OPTIMIZATION_LEVEL = 0;
				GCC_PREPROCESSOR_DEFINITIONS = (
					"DEBUG=1",
					"$(inherited)",
				);
				GCC_WARN_64_TO_32_BIT_CONVERSION = YES;
				GCC_WARN_ABOUT_RETURN_TYPE = YES_ERROR;
				GCC_WARN_UNDECLARED_SELECTOR = YES;
				GCC_WARN_UNINITIALIZED_AUTOS = YES_AGGRESSIVE;
				GCC_WARN_UNUSED_FUNCTION = YES;
				GCC_WARN_UNUSED_VARIABLE = YES;
				IPHONEOS_DEPLOYMENT_TARGET = 16.0;
				MTL_ENABLE_DEBUG_INFO = INCLUDE_SOURCE;
				MTL_FAST_MATH = YES;
				ONLY_ACTIVE_ARCH = YES;
				SDKROOT = iphoneos;
				SWIFT_ACTIVE_COMPILATION_CONDITIONS = DEBUG;
				SWIFT_OPTIMIZATION_LEVEL = "-Onone";
			};
			name = Debug;
		};
		4AE77021290D5DCA0091D433 /* Release */ = {
			isa = XCBuildConfiguration;
			buildSettings = {
				ALWAYS_SEARCH_USER_PATHS = NO;
				CLANG_ANALYZER_NONNULL = YES;
				CLANG_ANALYZER_NUMBER_OBJECT_CONVERSION = YES_AGGRESSIVE;
				CLANG_CXX_LANGUAGE_STANDARD = "gnu++20";
				CLANG_ENABLE_MODULES = YES;
				CLANG_ENABLE_OBJC_ARC = YES;
				CLANG_ENABLE_OBJC_WEAK = YES;
				CLANG_WARN_BLOCK_CAPTURE_AUTORELEASING = YES;
				CLANG_WARN_BOOL_CONVERSION = YES;
				CLANG_WARN_COMMA = YES;
				CLANG_WARN_CONSTANT_CONVERSION = YES;
				CLANG_WARN_DEPRECATED_OBJC_IMPLEMENTATIONS = YES;
				CLANG_WARN_DIRECT_OBJC_ISA_USAGE = YES_ERROR;
				CLANG_WARN_DOCUMENTATION_COMMENTS = YES;
				CLANG_WARN_EMPTY_BODY = YES;
				CLANG_WARN_ENUM_CONVERSION = YES;
				CLANG_WARN_INFINITE_RECURSION = YES;
				CLANG_WARN_INT_CONVERSION = YES;
				CLANG_WARN_NON_LITERAL_NULL_CONVERSION = YES;
				CLANG_WARN_OBJC_IMPLICIT_RETAIN_SELF = YES;
				CLANG_WARN_OBJC_LITERAL_CONVERSION = YES;
				CLANG_WARN_OBJC_ROOT_CLASS = YES_ERROR;
				CLANG_WARN_QUOTED_INCLUDE_IN_FRAMEWORK_HEADER = YES;
				CLANG_WARN_RANGE_LOOP_ANALYSIS = YES;
				CLANG_WARN_STRICT_PROTOTYPES = YES;
				CLANG_WARN_SUSPICIOUS_MOVE = YES;
				CLANG_WARN_UNGUARDED_AVAILABILITY = YES_AGGRESSIVE;
				CLANG_WARN_UNREACHABLE_CODE = YES;
				CLANG_WARN__DUPLICATE_METHOD_MATCH = YES;
				COPY_PHASE_STRIP = NO;
				DEBUG_INFORMATION_FORMAT = "dwarf-with-dsym";
				ENABLE_NS_ASSERTIONS = NO;
				ENABLE_STRICT_OBJC_MSGSEND = YES;
				GCC_C_LANGUAGE_STANDARD = gnu11;
				GCC_NO_COMMON_BLOCKS = YES;
				GCC_WARN_64_TO_32_BIT_CONVERSION = YES;
				GCC_WARN_ABOUT_RETURN_TYPE = YES_ERROR;
				GCC_WARN_UNDECLARED_SELECTOR = YES;
				GCC_WARN_UNINITIALIZED_AUTOS = YES_AGGRESSIVE;
				GCC_WARN_UNUSED_FUNCTION = YES;
				GCC_WARN_UNUSED_VARIABLE = YES;
				IPHONEOS_DEPLOYMENT_TARGET = 16.0;
				MTL_ENABLE_DEBUG_INFO = NO;
				MTL_FAST_MATH = YES;
				SDKROOT = iphoneos;
				SWIFT_COMPILATION_MODE = wholemodule;
				SWIFT_OPTIMIZATION_LEVEL = "-O";
				VALIDATE_PRODUCT = YES;
			};
			name = Release;
		};
		4AE77023290D5DCA0091D433 /* Debug */ = {
			isa = XCBuildConfiguration;
			buildSettings = {
				ASSETCATALOG_COMPILER_APPICON_NAME = AppIcon;
				ASSETCATALOG_COMPILER_GLOBAL_ACCENT_COLOR_NAME = AccentColor;
				CODE_SIGN_STYLE = Automatic;
				CURRENT_PROJECT_VERSION = 1;
				DEVELOPMENT_ASSET_PATHS = "\"OneDigit/Preview Content\"";
				DEVELOPMENT_TEAM = Q882998SNY;
				ENABLE_PREVIEWS = YES;
				GENERATE_INFOPLIST_FILE = YES;
				INFOPLIST_KEY_UIApplicationSceneManifest_Generation = YES;
				INFOPLIST_KEY_UIApplicationSupportsIndirectInputEvents = YES;
				INFOPLIST_KEY_UILaunchScreen_Generation = YES;
				INFOPLIST_KEY_UIStatusBarStyle = UIStatusBarStyleDefault;
				INFOPLIST_KEY_UISupportedInterfaceOrientations_iPad = "UIInterfaceOrientationPortrait UIInterfaceOrientationPortraitUpsideDown UIInterfaceOrientationLandscapeLeft UIInterfaceOrientationLandscapeRight";
				INFOPLIST_KEY_UISupportedInterfaceOrientations_iPhone = "UIInterfaceOrientationPortrait UIInterfaceOrientationLandscapeLeft UIInterfaceOrientationLandscapeRight";
				LD_RUNPATH_SEARCH_PATHS = (
					"$(inherited)",
					"@executable_path/Frameworks",
				);
				MARKETING_VERSION = 1.0;
				PRODUCT_BUNDLE_IDENTIFIER = fisker.OneDigit;
				PRODUCT_NAME = "$(TARGET_NAME)";
				SWIFT_EMIT_LOC_STRINGS = YES;
				SWIFT_VERSION = 5.0;
				TARGETED_DEVICE_FAMILY = "1,2";
			};
			name = Debug;
		};
		4AE77024290D5DCA0091D433 /* Release */ = {
			isa = XCBuildConfiguration;
			buildSettings = {
				ASSETCATALOG_COMPILER_APPICON_NAME = AppIcon;
				ASSETCATALOG_COMPILER_GLOBAL_ACCENT_COLOR_NAME = AccentColor;
				CODE_SIGN_STYLE = Automatic;
				CURRENT_PROJECT_VERSION = 1;
				DEVELOPMENT_ASSET_PATHS = "\"OneDigit/Preview Content\"";
				DEVELOPMENT_TEAM = Q882998SNY;
				ENABLE_PREVIEWS = YES;
				GENERATE_INFOPLIST_FILE = YES;
				INFOPLIST_KEY_UIApplicationSceneManifest_Generation = YES;
				INFOPLIST_KEY_UIApplicationSupportsIndirectInputEvents = YES;
				INFOPLIST_KEY_UILaunchScreen_Generation = YES;
				INFOPLIST_KEY_UIStatusBarStyle = UIStatusBarStyleDefault;
				INFOPLIST_KEY_UISupportedInterfaceOrientations_iPad = "UIInterfaceOrientationPortrait UIInterfaceOrientationPortraitUpsideDown UIInterfaceOrientationLandscapeLeft UIInterfaceOrientationLandscapeRight";
				INFOPLIST_KEY_UISupportedInterfaceOrientations_iPhone = "UIInterfaceOrientationPortrait UIInterfaceOrientationLandscapeLeft UIInterfaceOrientationLandscapeRight";
				LD_RUNPATH_SEARCH_PATHS = (
					"$(inherited)",
					"@executable_path/Frameworks",
				);
				MARKETING_VERSION = 1.0;
				PRODUCT_BUNDLE_IDENTIFIER = fisker.OneDigit;
				PRODUCT_NAME = "$(TARGET_NAME)";
				SWIFT_EMIT_LOC_STRINGS = YES;
				SWIFT_VERSION = 5.0;
				TARGETED_DEVICE_FAMILY = "1,2";
			};
			name = Release;
		};
		4AE77026290D5DCA0091D433 /* Debug */ = {
			isa = XCBuildConfiguration;
			buildSettings = {
				ALWAYS_EMBED_SWIFT_STANDARD_LIBRARIES = YES;
				BUNDLE_LOADER = "$(TEST_HOST)";
				CODE_SIGN_STYLE = Automatic;
				CURRENT_PROJECT_VERSION = 1;
				GENERATE_INFOPLIST_FILE = YES;
				IPHONEOS_DEPLOYMENT_TARGET = 16.0;
				MARKETING_VERSION = 1.0;
				PRODUCT_BUNDLE_IDENTIFIER = fisker.OneDigitTests;
				PRODUCT_NAME = "$(TARGET_NAME)";
				SWIFT_EMIT_LOC_STRINGS = NO;
				SWIFT_VERSION = 5.0;
				TARGETED_DEVICE_FAMILY = "1,2";
				TEST_HOST = "$(BUILT_PRODUCTS_DIR)/OneDigit.app/$(BUNDLE_EXECUTABLE_FOLDER_PATH)/OneDigit";
			};
			name = Debug;
		};
		4AE77027290D5DCA0091D433 /* Release */ = {
			isa = XCBuildConfiguration;
			buildSettings = {
				ALWAYS_EMBED_SWIFT_STANDARD_LIBRARIES = YES;
				BUNDLE_LOADER = "$(TEST_HOST)";
				CODE_SIGN_STYLE = Automatic;
				CURRENT_PROJECT_VERSION = 1;
				GENERATE_INFOPLIST_FILE = YES;
				IPHONEOS_DEPLOYMENT_TARGET = 16.0;
				MARKETING_VERSION = 1.0;
				PRODUCT_BUNDLE_IDENTIFIER = fisker.OneDigitTests;
				PRODUCT_NAME = "$(TARGET_NAME)";
				SWIFT_EMIT_LOC_STRINGS = NO;
				SWIFT_VERSION = 5.0;
				TARGETED_DEVICE_FAMILY = "1,2";
				TEST_HOST = "$(BUILT_PRODUCTS_DIR)/OneDigit.app/$(BUNDLE_EXECUTABLE_FOLDER_PATH)/OneDigit";
			};
			name = Release;
		};
		4AE77029290D5DCA0091D433 /* Debug */ = {
			isa = XCBuildConfiguration;
			buildSettings = {
				ALWAYS_EMBED_SWIFT_STANDARD_LIBRARIES = YES;
				CODE_SIGN_STYLE = Automatic;
				CURRENT_PROJECT_VERSION = 1;
				GENERATE_INFOPLIST_FILE = YES;
				MARKETING_VERSION = 1.0;
				PRODUCT_BUNDLE_IDENTIFIER = fisker.OneDigitUITests;
				PRODUCT_NAME = "$(TARGET_NAME)";
				SWIFT_EMIT_LOC_STRINGS = NO;
				SWIFT_VERSION = 5.0;
				TARGETED_DEVICE_FAMILY = "1,2";
				TEST_TARGET_NAME = OneDigit;
			};
			name = Debug;
		};
		4AE7702A290D5DCA0091D433 /* Release */ = {
			isa = XCBuildConfiguration;
			buildSettings = {
				ALWAYS_EMBED_SWIFT_STANDARD_LIBRARIES = YES;
				CODE_SIGN_STYLE = Automatic;
				CURRENT_PROJECT_VERSION = 1;
				GENERATE_INFOPLIST_FILE = YES;
				MARKETING_VERSION = 1.0;
				PRODUCT_BUNDLE_IDENTIFIER = fisker.OneDigitUITests;
				PRODUCT_NAME = "$(TARGET_NAME)";
				SWIFT_EMIT_LOC_STRINGS = NO;
				SWIFT_VERSION = 5.0;
				TARGETED_DEVICE_FAMILY = "1,2";
				TEST_TARGET_NAME = OneDigit;
			};
			name = Release;
		};
/* End XCBuildConfiguration section */

/* Begin XCConfigurationList section */
		4AE76FF9290D5DC90091D433 /* Build configuration list for PBXProject "OneDigit" */ = {
			isa = XCConfigurationList;
			buildConfigurations = (
				4AE77020290D5DCA0091D433 /* Debug */,
				4AE77021290D5DCA0091D433 /* Release */,
			);
			defaultConfigurationIsVisible = 0;
			defaultConfigurationName = Release;
		};
		4AE77022290D5DCA0091D433 /* Build configuration list for PBXNativeTarget "OneDigit" */ = {
			isa = XCConfigurationList;
			buildConfigurations = (
				4AE77023290D5DCA0091D433 /* Debug */,
				4AE77024290D5DCA0091D433 /* Release */,
			);
			defaultConfigurationIsVisible = 0;
			defaultConfigurationName = Release;
		};
		4AE77025290D5DCA0091D433 /* Build configuration list for PBXNativeTarget "OneDigitTests" */ = {
			isa = XCConfigurationList;
			buildConfigurations = (
				4AE77026290D5DCA0091D433 /* Debug */,
				4AE77027290D5DCA0091D433 /* Release */,
			);
			defaultConfigurationIsVisible = 0;
			defaultConfigurationName = Release;
		};
		4AE77028290D5DCA0091D433 /* Build configuration list for PBXNativeTarget "OneDigitUITests" */ = {
			isa = XCConfigurationList;
			buildConfigurations = (
				4AE77029290D5DCA0091D433 /* Debug */,
				4AE7702A290D5DCA0091D433 /* Release */,
			);
			defaultConfigurationIsVisible = 0;
			defaultConfigurationName = Release;
		};
/* End XCConfigurationList section */
	};
	rootObject = 4AE76FF6290D5DC90091D433 /* Project object */;
}
